
Microsoft Visual Studio Solution File, Format Version 12.00
# Visual Studio Version 16
VisualStudioVersion = 16.0.30002.166
MinimumVisualStudioVersion = 10.0.40219.1
Project("{FAE04EC0-301F-11D3-BF4B-00C04F79EFBC}") = "NitroReport", "NitroReport\NitroReport.csproj", "{DFF5AE51-7225-4996-806F-91377F4B5AC6}"
EndProject
Project("{2150E333-8FDC-42A3-9474-1A3956D46DE8}") = "Solution Items", "Solution Items", "{FF407C31-3263-4A20-B1F3-E5033CCE9A8E}"
EndProject
Global
	GlobalSection(SolutionConfigurationPlatforms) = preSolution
		Debug|Any CPU = Debug|Any CPU
		Release|Any CPU = Release|Any CPU
	EndGlobalSection
	GlobalSection(ProjectConfigurationPlatforms) = postSolution
		{DFF5AE51-7225-4996-806F-91377F4B5AC6}.Debug|Any CPU.ActiveCfg = Debug|Any CPU
		{DFF5AE51-7225-4996-806F-91377F4B5AC6}.Debug|Any CPU.Build.0 = Debug|Any CPU
		{DFF5AE51-7225-4996-806F-91377F4B5AC6}.Release|Any CPU.ActiveCfg = Release|Any CPU
		{DFF5AE51-7225-4996-806F-91377F4B5AC6}.Release|Any CPU.Build.0 = Release|Any CPU
	EndGlobalSection
	GlobalSection(SolutionProperties) = preSolution
		HideSolutionNode = FALSE
	EndGlobalSection
	GlobalSection(ExtensibilityGlobals) = postSolution
		SolutionGuid = {DD6B015C-6ED7-482B-AB22-A716F3A57303}
	EndGlobalSection
EndGlobal
